
Microsoft Visual Studio Solution File, Format Version 12.00
# Visual Studio 14
VisualStudioVersion = 14.0.25420.1
MinimumVisualStudioVersion = 10.0.40219.1
Project("{2150E333-8FDC-42A3-9474-1A3956D46DE8}") = "Tools", "Tools", "{6AEDCEEF-0285-4B55-8C2B-8E3DD9AC8EA8}"
EndProject
Project("{2150E333-8FDC-42A3-9474-1A3956D46DE8}") = "Libraries", "Libraries", "{641BEA1A-2FCD-49FD-B07C-41EEF8898FF4}"
EndProject
Project("{FAE04EC0-301F-11D3-BF4B-00C04F79EFBC}") = "AD", "Libraries\AD\AD.csproj", "{F9643EA4-49CF-4FA2-B2FB-771ABB20CBF6}"
	ProjectSection(ProjectDependencies) = postProject
		{5A5601E8-C1B8-43AB-961B-3DEB1BC5B06E} = {5A5601E8-C1B8-43AB-961B-3DEB1BC5B06E}
	EndProjectSection
EndProject
Project("{FAE04EC0-301F-11D3-BF4B-00C04F79EFBC}") = "Shared", "Libraries\HDSharedServices\Shared.csproj", "{84B74DD0-3B52-456F-A742-3B57FA31E664}"
	ProjectSection(ProjectDependencies) = postProject
		{D47C1210-4BFE-4B10-956F-7B0B40F3C718} = {D47C1210-4BFE-4B10-956F-7B0B40F3C718}
	EndProjectSection
EndProject
Project("{FAE04EC0-301F-11D3-BF4B-00C04F79EFBC}") = "LDAP", "Libraries\LDAP\LDAP.csproj", "{5A5601E8-C1B8-43AB-961B-3DEB1BC5B06E}"
EndProject
Project("{FAE04EC0-301F-11D3-BF4B-00C04F79EFBC}") = "ProgressBar", "Libraries\ProgressBar\ProgressBar.csproj", "{D47C1210-4BFE-4B10-956F-7B0B40F3C718}"
EndProject
Project("{FAE04EC0-301F-11D3-BF4B-00C04F79EFBC}") = "CheckTrickle", "Tools\CheckTrickle\CheckTrickle.csproj", "{44BD59F1-A129-4206-839D-BCFF1C39CD63}"
EndProject
Project("{FAE04EC0-301F-11D3-BF4B-00C04F79EFBC}") = "CompareCSVtoAD", "Tools\CompareCSVtoAD\CompareCSVtoAD.csproj", "{7A720728-6BE7-444A-8C4B-8A52C81B0F9B}"
	ProjectSection(ProjectDependencies) = postProject
		{84B74DD0-3B52-456F-A742-3B57FA31E664} = {84B74DD0-3B52-456F-A742-3B57FA31E664}
	EndProjectSection
EndProject
Project("{FAE04EC0-301F-11D3-BF4B-00C04F79EFBC}") = "DelayedStartServices", "Tools\DelayedStartServices\DelayedStartServices.csproj", "{0361DF41-99D6-4336-A6E7-CE0BD1C057BA}"
EndProject
Project("{FAE04EC0-301F-11D3-BF4B-00C04F79EFBC}") = "EmailReport", "Tools\EmailReport\EmailReport.csproj", "{9EE5907F-6E60-4F31-A700-590225BD456A}"
EndProject
Project("{FAE04EC0-301F-11D3-BF4B-00C04F79EFBC}") = "UpdateComputerList", "Tools\UpdateComputerList\UpdateComputerList.csproj", "{5F8EDF63-6596-44AF-A947-2D85878CB12F}"
EndProject
Project("{FAE04EC0-301F-11D3-BF4B-00C04F79EFBC}") = "HelpdeskToolBox", "Retail HD\HelpdeskToolBox.csproj", "{24FACCD1-CBA6-44FD-BB4F-35BF7DD17712}"
	ProjectSection(ProjectDependencies) = postProject
		{E9062606-3792-47F0-B569-E0CCF9ACF020} = {E9062606-3792-47F0-B569-E0CCF9ACF020}
		{7A720728-6BE7-444A-8C4B-8A52C81B0F9B} = {7A720728-6BE7-444A-8C4B-8A52C81B0F9B}
		{0361DF41-99D6-4336-A6E7-CE0BD1C057BA} = {0361DF41-99D6-4336-A6E7-CE0BD1C057BA}
		{092DF052-BB79-40D3-8A24-DBFC9AF4CDA3} = {092DF052-BB79-40D3-8A24-DBFC9AF4CDA3}
		{5F8EDF63-6596-44AF-A947-2D85878CB12F} = {5F8EDF63-6596-44AF-A947-2D85878CB12F}
		{2F988367-561F-4505-B524-467507B36A9F} = {2F988367-561F-4505-B524-467507B36A9F}
		{9EE5907F-6E60-4F31-A700-590225BD456A} = {9EE5907F-6E60-4F31-A700-590225BD456A}
		{26406CE1-4A92-47A8-92D4-17B96372B6DE} = {26406CE1-4A92-47A8-92D4-17B96372B6DE}
		{44BD59F1-A129-4206-839D-BCFF1C39CD63} = {44BD59F1-A129-4206-839D-BCFF1C39CD63}
	EndProjectSection
EndProject
Project("{2150E333-8FDC-42A3-9474-1A3956D46DE8}") = "Solution Items", "Solution Items", "{4E5E05E6-06D7-4E66-AF0A-F8E92A72DA3D}"
	ProjectSection(SolutionItems) = preProject
		..\LICENSE = ..\LICENSE
		..\README.md = ..\README.md
	EndProjectSection
EndProject
Project("{FAE04EC0-301F-11D3-BF4B-00C04F79EFBC}") = "Bit9Report", "Tools\Bit9Report\Bit9Report.csproj", "{C3B25DC5-22F7-4F93-A1E2-D867B7C4454E}"
EndProject
Project("{FAE04EC0-301F-11D3-BF4B-00C04F79EFBC}") = "DameWareCheck", "Tools\DameWareCheck\DameWareCheck.csproj", "{26406CE1-4A92-47A8-92D4-17B96372B6DE}"
EndProject
Project("{FAE04EC0-301F-11D3-BF4B-00C04F79EFBC}") = "WetSandwich", "Tools\WetSandwich\WetSandwich.csproj", "{092DF052-BB79-40D3-8A24-DBFC9AF4CDA3}"
EndProject
Project("{FAE04EC0-301F-11D3-BF4B-00C04F79EFBC}") = "PinPadReport", "Tools\PinPadReport\PinPadReport.csproj", "{CA4348EC-C323-4B16-AB20-F6CE29FD5CD3}"
EndProject
Project("{FAE04EC0-301F-11D3-BF4B-00C04F79EFBC}") = "B9Weekly", "Tools\B9weekly\B9Weekly\B9Weekly.csproj", "{E9C3C904-38B4-4554-BC9B-A44D1398B815}"
EndProject
Project("{FAE04EC0-301F-11D3-BF4B-00C04F79EFBC}") = "DisableStartupRepair", "Tools\DisableStartupRepair\DisableStartupRepair.csproj", "{428CC281-C7A1-40F7-AE36-4ADF6EFE6CE7}"
EndProject
Project("{FAE04EC0-301F-11D3-BF4B-00C04F79EFBC}") = "ExtractEmployeeTables", "Tools\ExtractEmployeeTables\ExtractEmployeeTables.csproj", "{EAB4D927-7CB1-48F1-B9FF-19E5DC2286B6}"
EndProject
Project("{FAE04EC0-301F-11D3-BF4B-00C04F79EFBC}") = "RIStupidCheckerForTim", "Tools\RIStupidCheckerForTim\RIStupidCheckerForTim.csproj", "{5D589789-487F-4392-9385-AEA1B6E12B66}"
EndProject
Project("{FAE04EC0-301F-11D3-BF4B-00C04F79EFBC}") = "RunOnAllStores", "Tools\RunOnAllStores\RunOnAllStores.csproj", "{14B48EF5-0D6D-4DD7-B087-E27456F92BBD}"
EndProject
Project("{FAE04EC0-301F-11D3-BF4B-00C04F79EFBC}") = "LocalBatFiles", "Tools\LocalBatFiles\LocalBatFiles.csproj", "{E9062606-3792-47F0-B569-E0CCF9ACF020}"
EndProject
Project("{FAE04EC0-301F-11D3-BF4B-00C04F79EFBC}") = "PeopleCounterCCTVCheck", "Tools\PeopleCounterCCTVCheck\PeopleCounterCCTVCheck.csproj", "{2F988367-561F-4505-B524-467507B36A9F}"
EndProject
Project("{FAE04EC0-301F-11D3-BF4B-00C04F79EFBC}") = "HotChocolate", "Tools\HotChocolate\HotChocolate.csproj", "{36246984-787E-488D-A591-485191265BA8}"
EndProject
Project("{FAE04EC0-301F-11D3-BF4B-00C04F79EFBC}") = "FileCopier", "Tools\FileCopier\FileCopier.csproj", "{4202C035-B248-4F52-90E3-7441A2B9BB6A}"
EndProject
Global
	GlobalSection(SolutionConfigurationPlatforms) = preSolution
		Debug|Any CPU = Debug|Any CPU
		Release|Any CPU = Release|Any CPU
	EndGlobalSection
	GlobalSection(ProjectConfigurationPlatforms) = postSolution
		{F9643EA4-49CF-4FA2-B2FB-771ABB20CBF6}.Debug|Any CPU.ActiveCfg = Debug|Any CPU
		{F9643EA4-49CF-4FA2-B2FB-771ABB20CBF6}.Debug|Any CPU.Build.0 = Debug|Any CPU
		{F9643EA4-49CF-4FA2-B2FB-771ABB20CBF6}.Release|Any CPU.ActiveCfg = Release|Any CPU
		{F9643EA4-49CF-4FA2-B2FB-771ABB20CBF6}.Release|Any CPU.Build.0 = Release|Any CPU
		{84B74DD0-3B52-456F-A742-3B57FA31E664}.Debug|Any CPU.ActiveCfg = Debug|Any CPU
		{84B74DD0-3B52-456F-A742-3B57FA31E664}.Debug|Any CPU.Build.0 = Debug|Any CPU
		{84B74DD0-3B52-456F-A742-3B57FA31E664}.Release|Any CPU.ActiveCfg = Release|Any CPU
		{84B74DD0-3B52-456F-A742-3B57FA31E664}.Release|Any CPU.Build.0 = Release|Any CPU
		{5A5601E8-C1B8-43AB-961B-3DEB1BC5B06E}.Debug|Any CPU.ActiveCfg = Debug|Any CPU
		{5A5601E8-C1B8-43AB-961B-3DEB1BC5B06E}.Debug|Any CPU.Build.0 = Debug|Any CPU
		{5A5601E8-C1B8-43AB-961B-3DEB1BC5B06E}.Release|Any CPU.ActiveCfg = Release|Any CPU
		{5A5601E8-C1B8-43AB-961B-3DEB1BC5B06E}.Release|Any CPU.Build.0 = Release|Any CPU
		{D47C1210-4BFE-4B10-956F-7B0B40F3C718}.Debug|Any CPU.ActiveCfg = Debug|Any CPU
		{D47C1210-4BFE-4B10-956F-7B0B40F3C718}.Debug|Any CPU.Build.0 = Debug|Any CPU
		{D47C1210-4BFE-4B10-956F-7B0B40F3C718}.Release|Any CPU.ActiveCfg = Release|Any CPU
		{D47C1210-4BFE-4B10-956F-7B0B40F3C718}.Release|Any CPU.Build.0 = Release|Any CPU
		{44BD59F1-A129-4206-839D-BCFF1C39CD63}.Debug|Any CPU.ActiveCfg = Debug|Any CPU
		{44BD59F1-A129-4206-839D-BCFF1C39CD63}.Debug|Any CPU.Build.0 = Debug|Any CPU
		{44BD59F1-A129-4206-839D-BCFF1C39CD63}.Release|Any CPU.ActiveCfg = Release|Any CPU
		{44BD59F1-A129-4206-839D-BCFF1C39CD63}.Release|Any CPU.Build.0 = Release|Any CPU
		{7A720728-6BE7-444A-8C4B-8A52C81B0F9B}.Debug|Any CPU.ActiveCfg = Debug|Any CPU
		{7A720728-6BE7-444A-8C4B-8A52C81B0F9B}.Debug|Any CPU.Build.0 = Debug|Any CPU
		{7A720728-6BE7-444A-8C4B-8A52C81B0F9B}.Release|Any CPU.ActiveCfg = Release|Any CPU
		{7A720728-6BE7-444A-8C4B-8A52C81B0F9B}.Release|Any CPU.Build.0 = Release|Any CPU
		{0361DF41-99D6-4336-A6E7-CE0BD1C057BA}.Debug|Any CPU.ActiveCfg = Debug|Any CPU
		{0361DF41-99D6-4336-A6E7-CE0BD1C057BA}.Debug|Any CPU.Build.0 = Debug|Any CPU
		{0361DF41-99D6-4336-A6E7-CE0BD1C057BA}.Release|Any CPU.ActiveCfg = Release|Any CPU
		{0361DF41-99D6-4336-A6E7-CE0BD1C057BA}.Release|Any CPU.Build.0 = Release|Any CPU
		{9EE5907F-6E60-4F31-A700-590225BD456A}.Debug|Any CPU.ActiveCfg = Debug|Any CPU
		{9EE5907F-6E60-4F31-A700-590225BD456A}.Debug|Any CPU.Build.0 = Debug|Any CPU
		{9EE5907F-6E60-4F31-A700-590225BD456A}.Release|Any CPU.ActiveCfg = Release|Any CPU
		{9EE5907F-6E60-4F31-A700-590225BD456A}.Release|Any CPU.Build.0 = Release|Any CPU
		{5F8EDF63-6596-44AF-A947-2D85878CB12F}.Debug|Any CPU.ActiveCfg = Debug|Any CPU
		{5F8EDF63-6596-44AF-A947-2D85878CB12F}.Debug|Any CPU.Build.0 = Debug|Any CPU
		{5F8EDF63-6596-44AF-A947-2D85878CB12F}.Release|Any CPU.ActiveCfg = Release|Any CPU
		{5F8EDF63-6596-44AF-A947-2D85878CB12F}.Release|Any CPU.Build.0 = Release|Any CPU
		{24FACCD1-CBA6-44FD-BB4F-35BF7DD17712}.Debug|Any CPU.ActiveCfg = Debug|Any CPU
		{24FACCD1-CBA6-44FD-BB4F-35BF7DD17712}.Debug|Any CPU.Build.0 = Debug|Any CPU
		{24FACCD1-CBA6-44FD-BB4F-35BF7DD17712}.Release|Any CPU.ActiveCfg = Release|Any CPU
		{24FACCD1-CBA6-44FD-BB4F-35BF7DD17712}.Release|Any CPU.Build.0 = Release|Any CPU
		{C3B25DC5-22F7-4F93-A1E2-D867B7C4454E}.Debug|Any CPU.ActiveCfg = Debug|Any CPU
		{C3B25DC5-22F7-4F93-A1E2-D867B7C4454E}.Debug|Any CPU.Build.0 = Debug|Any CPU
		{C3B25DC5-22F7-4F93-A1E2-D867B7C4454E}.Release|Any CPU.ActiveCfg = Release|Any CPU
		{C3B25DC5-22F7-4F93-A1E2-D867B7C4454E}.Release|Any CPU.Build.0 = Release|Any CPU
		{26406CE1-4A92-47A8-92D4-17B96372B6DE}.Debug|Any CPU.ActiveCfg = Debug|Any CPU
		{26406CE1-4A92-47A8-92D4-17B96372B6DE}.Debug|Any CPU.Build.0 = Debug|Any CPU
		{26406CE1-4A92-47A8-92D4-17B96372B6DE}.Release|Any CPU.ActiveCfg = Release|Any CPU
		{26406CE1-4A92-47A8-92D4-17B96372B6DE}.Release|Any CPU.Build.0 = Release|Any CPU
		{092DF052-BB79-40D3-8A24-DBFC9AF4CDA3}.Debug|Any CPU.ActiveCfg = Debug|Any CPU
		{092DF052-BB79-40D3-8A24-DBFC9AF4CDA3}.Debug|Any CPU.Build.0 = Debug|Any CPU
		{092DF052-BB79-40D3-8A24-DBFC9AF4CDA3}.Release|Any CPU.ActiveCfg = Release|Any CPU
		{092DF052-BB79-40D3-8A24-DBFC9AF4CDA3}.Release|Any CPU.Build.0 = Release|Any CPU
		{CA4348EC-C323-4B16-AB20-F6CE29FD5CD3}.Debug|Any CPU.ActiveCfg = Debug|Any CPU
		{CA4348EC-C323-4B16-AB20-F6CE29FD5CD3}.Debug|Any CPU.Build.0 = Debug|Any CPU
		{CA4348EC-C323-4B16-AB20-F6CE29FD5CD3}.Release|Any CPU.ActiveCfg = Release|Any CPU
		{CA4348EC-C323-4B16-AB20-F6CE29FD5CD3}.Release|Any CPU.Build.0 = Release|Any CPU
		{E9C3C904-38B4-4554-BC9B-A44D1398B815}.Debug|Any CPU.ActiveCfg = Debug|Any CPU
		{E9C3C904-38B4-4554-BC9B-A44D1398B815}.Debug|Any CPU.Build.0 = Debug|Any CPU
		{E9C3C904-38B4-4554-BC9B-A44D1398B815}.Release|Any CPU.ActiveCfg = Release|Any CPU
		{E9C3C904-38B4-4554-BC9B-A44D1398B815}.Release|Any CPU.Build.0 = Release|Any CPU
		{428CC281-C7A1-40F7-AE36-4ADF6EFE6CE7}.Debug|Any CPU.ActiveCfg = Debug|Any CPU
		{428CC281-C7A1-40F7-AE36-4ADF6EFE6CE7}.Debug|Any CPU.Build.0 = Debug|Any CPU
		{428CC281-C7A1-40F7-AE36-4ADF6EFE6CE7}.Release|Any CPU.ActiveCfg = Release|Any CPU
		{428CC281-C7A1-40F7-AE36-4ADF6EFE6CE7}.Release|Any CPU.Build.0 = Release|Any CPU
		{EAB4D927-7CB1-48F1-B9FF-19E5DC2286B6}.Debug|Any CPU.ActiveCfg = Debug|Any CPU
		{EAB4D927-7CB1-48F1-B9FF-19E5DC2286B6}.Debug|Any CPU.Build.0 = Debug|Any CPU
		{EAB4D927-7CB1-48F1-B9FF-19E5DC2286B6}.Release|Any CPU.ActiveCfg = Release|Any CPU
		{EAB4D927-7CB1-48F1-B9FF-19E5DC2286B6}.Release|Any CPU.Build.0 = Release|Any CPU
		{5D589789-487F-4392-9385-AEA1B6E12B66}.Debug|Any CPU.ActiveCfg = Debug|Any CPU
		{5D589789-487F-4392-9385-AEA1B6E12B66}.Debug|Any CPU.Build.0 = Debug|Any CPU
		{5D589789-487F-4392-9385-AEA1B6E12B66}.Release|Any CPU.ActiveCfg = Release|Any CPU
		{5D589789-487F-4392-9385-AEA1B6E12B66}.Release|Any CPU.Build.0 = Release|Any CPU
		{14B48EF5-0D6D-4DD7-B087-E27456F92BBD}.Debug|Any CPU.ActiveCfg = Debug|Any CPU
		{14B48EF5-0D6D-4DD7-B087-E27456F92BBD}.Debug|Any CPU.Build.0 = Debug|Any CPU
		{14B48EF5-0D6D-4DD7-B087-E27456F92BBD}.Release|Any CPU.ActiveCfg = Release|Any CPU
		{14B48EF5-0D6D-4DD7-B087-E27456F92BBD}.Release|Any CPU.Build.0 = Release|Any CPU
		{E9062606-3792-47F0-B569-E0CCF9ACF020}.Debug|Any CPU.ActiveCfg = Debug|Any CPU
		{E9062606-3792-47F0-B569-E0CCF9ACF020}.Debug|Any CPU.Build.0 = Debug|Any CPU
		{E9062606-3792-47F0-B569-E0CCF9ACF020}.Release|Any CPU.ActiveCfg = Release|Any CPU
		{E9062606-3792-47F0-B569-E0CCF9ACF020}.Release|Any CPU.Build.0 = Release|Any CPU
		{2F988367-561F-4505-B524-467507B36A9F}.Debug|Any CPU.ActiveCfg = Debug|Any CPU
		{2F988367-561F-4505-B524-467507B36A9F}.Debug|Any CPU.Build.0 = Debug|Any CPU
		{2F988367-561F-4505-B524-467507B36A9F}.Release|Any CPU.ActiveCfg = Release|Any CPU
		{2F988367-561F-4505-B524-467507B36A9F}.Release|Any CPU.Build.0 = Release|Any CPU
		{36246984-787E-488D-A591-485191265BA8}.Debug|Any CPU.ActiveCfg = Debug|Any CPU
		{36246984-787E-488D-A591-485191265BA8}.Debug|Any CPU.Build.0 = Debug|Any CPU
		{36246984-787E-488D-A591-485191265BA8}.Release|Any CPU.ActiveCfg = Release|Any CPU
		{36246984-787E-488D-A591-485191265BA8}.Release|Any CPU.Build.0 = Release|Any CPU
		{4202C035-B248-4F52-90E3-7441A2B9BB6A}.Debug|Any CPU.ActiveCfg = Debug|Any CPU
		{4202C035-B248-4F52-90E3-7441A2B9BB6A}.Debug|Any CPU.Build.0 = Debug|Any CPU
		{4202C035-B248-4F52-90E3-7441A2B9BB6A}.Release|Any CPU.ActiveCfg = Release|Any CPU
		{4202C035-B248-4F52-90E3-7441A2B9BB6A}.Release|Any CPU.Build.0 = Release|Any CPU
	EndGlobalSection
	GlobalSection(SolutionProperties) = preSolution
		HideSolutionNode = FALSE
	EndGlobalSection
	GlobalSection(NestedProjects) = preSolution
		{F9643EA4-49CF-4FA2-B2FB-771ABB20CBF6} = {641BEA1A-2FCD-49FD-B07C-41EEF8898FF4}
		{84B74DD0-3B52-456F-A742-3B57FA31E664} = {641BEA1A-2FCD-49FD-B07C-41EEF8898FF4}
		{5A5601E8-C1B8-43AB-961B-3DEB1BC5B06E} = {641BEA1A-2FCD-49FD-B07C-41EEF8898FF4}
		{D47C1210-4BFE-4B10-956F-7B0B40F3C718} = {641BEA1A-2FCD-49FD-B07C-41EEF8898FF4}
		{44BD59F1-A129-4206-839D-BCFF1C39CD63} = {6AEDCEEF-0285-4B55-8C2B-8E3DD9AC8EA8}
		{7A720728-6BE7-444A-8C4B-8A52C81B0F9B} = {6AEDCEEF-0285-4B55-8C2B-8E3DD9AC8EA8}
		{0361DF41-99D6-4336-A6E7-CE0BD1C057BA} = {6AEDCEEF-0285-4B55-8C2B-8E3DD9AC8EA8}
		{9EE5907F-6E60-4F31-A700-590225BD456A} = {6AEDCEEF-0285-4B55-8C2B-8E3DD9AC8EA8}
		{5F8EDF63-6596-44AF-A947-2D85878CB12F} = {6AEDCEEF-0285-4B55-8C2B-8E3DD9AC8EA8}
		{C3B25DC5-22F7-4F93-A1E2-D867B7C4454E} = {6AEDCEEF-0285-4B55-8C2B-8E3DD9AC8EA8}
		{26406CE1-4A92-47A8-92D4-17B96372B6DE} = {6AEDCEEF-0285-4B55-8C2B-8E3DD9AC8EA8}
		{092DF052-BB79-40D3-8A24-DBFC9AF4CDA3} = {6AEDCEEF-0285-4B55-8C2B-8E3DD9AC8EA8}
		{CA4348EC-C323-4B16-AB20-F6CE29FD5CD3} = {6AEDCEEF-0285-4B55-8C2B-8E3DD9AC8EA8}
		{E9C3C904-38B4-4554-BC9B-A44D1398B815} = {6AEDCEEF-0285-4B55-8C2B-8E3DD9AC8EA8}
		{428CC281-C7A1-40F7-AE36-4ADF6EFE6CE7} = {6AEDCEEF-0285-4B55-8C2B-8E3DD9AC8EA8}
		{EAB4D927-7CB1-48F1-B9FF-19E5DC2286B6} = {6AEDCEEF-0285-4B55-8C2B-8E3DD9AC8EA8}
		{5D589789-487F-4392-9385-AEA1B6E12B66} = {6AEDCEEF-0285-4B55-8C2B-8E3DD9AC8EA8}
		{14B48EF5-0D6D-4DD7-B087-E27456F92BBD} = {6AEDCEEF-0285-4B55-8C2B-8E3DD9AC8EA8}
		{E9062606-3792-47F0-B569-E0CCF9ACF020} = {6AEDCEEF-0285-4B55-8C2B-8E3DD9AC8EA8}
		{2F988367-561F-4505-B524-467507B36A9F} = {6AEDCEEF-0285-4B55-8C2B-8E3DD9AC8EA8}
		{36246984-787E-488D-A591-485191265BA8} = {6AEDCEEF-0285-4B55-8C2B-8E3DD9AC8EA8}
		{4202C035-B248-4F52-90E3-7441A2B9BB6A} = {6AEDCEEF-0285-4B55-8C2B-8E3DD9AC8EA8}
	EndGlobalSection
EndGlobal
