
Microsoft Visual Studio Solution File, Format Version 12.00
# Visual Studio 2012
Project("{2150E333-8FDC-42A3-9474-1A3956D46DE8}") = "Tools", "Tools", "{6AEDCEEF-0285-4B55-8C2B-8E3DD9AC8EA8}"
EndProject
Project("{2150E333-8FDC-42A3-9474-1A3956D46DE8}") = "Libraries", "Libraries", "{641BEA1A-2FCD-49FD-B07C-41EEF8898FF4}"
EndProject
Project("{FAE04EC0-301F-11D3-BF4B-00C04F79EFBC}") = "AD", "Libraries\AD\AD.csproj", "{F9643EA4-49CF-4FA2-B2FB-771ABB20CBF6}"
EndProject
Project("{FAE04EC0-301F-11D3-BF4B-00C04F79EFBC}") = "CiscoFinesseNET", "Libraries\CiscoFinesseNET\CiscoFinesseNET.csproj", "{3E9001A4-FD82-4B28-81C4-9720C607C62A}"
EndProject
Project("{FAE04EC0-301F-11D3-BF4B-00C04F79EFBC}") = "HDSharedServices", "Libraries\HDSharedServices\HDSharedServices.csproj", "{84B74DD0-3B52-456F-A742-3B57FA31E664}"
EndProject
Project("{FAE04EC0-301F-11D3-BF4B-00C04F79EFBC}") = "LDAP", "Libraries\LDAP\LDAP.csproj", "{5A5601E8-C1B8-43AB-961B-3DEB1BC5B06E}"
EndProject
Project("{FAE04EC0-301F-11D3-BF4B-00C04F79EFBC}") = "ProgressBar", "Libraries\ProgressBar\ProgressBar.csproj", "{D47C1210-4BFE-4B10-956F-7B0B40F3C718}"
EndProject
Global
	GlobalSection(SolutionConfigurationPlatforms) = preSolution
		Bare|Any CPU = Bare|Any CPU
		Debug|Any CPU = Debug|Any CPU
		Release|Any CPU = Release|Any CPU
	EndGlobalSection
	GlobalSection(ProjectConfigurationPlatforms) = postSolution
		{F9643EA4-49CF-4FA2-B2FB-771ABB20CBF6}.Bare|Any CPU.ActiveCfg = Bare|Any CPU
		{F9643EA4-49CF-4FA2-B2FB-771ABB20CBF6}.Bare|Any CPU.Build.0 = Bare|Any CPU
		{F9643EA4-49CF-4FA2-B2FB-771ABB20CBF6}.Debug|Any CPU.ActiveCfg = Debug|Any CPU
		{F9643EA4-49CF-4FA2-B2FB-771ABB20CBF6}.Debug|Any CPU.Build.0 = Debug|Any CPU
		{F9643EA4-49CF-4FA2-B2FB-771ABB20CBF6}.Release|Any CPU.ActiveCfg = Release|Any CPU
		{F9643EA4-49CF-4FA2-B2FB-771ABB20CBF6}.Release|Any CPU.Build.0 = Release|Any CPU
		{3E9001A4-FD82-4B28-81C4-9720C607C62A}.Bare|Any CPU.ActiveCfg = Release|Any CPU
		{3E9001A4-FD82-4B28-81C4-9720C607C62A}.Bare|Any CPU.Build.0 = Release|Any CPU
		{3E9001A4-FD82-4B28-81C4-9720C607C62A}.Debug|Any CPU.ActiveCfg = Debug|Any CPU
		{3E9001A4-FD82-4B28-81C4-9720C607C62A}.Debug|Any CPU.Build.0 = Debug|Any CPU
		{3E9001A4-FD82-4B28-81C4-9720C607C62A}.Release|Any CPU.ActiveCfg = Release|Any CPU
		{3E9001A4-FD82-4B28-81C4-9720C607C62A}.Release|Any CPU.Build.0 = Release|Any CPU
		{84B74DD0-3B52-456F-A742-3B57FA31E664}.Bare|Any CPU.ActiveCfg = Release|Any CPU
		{84B74DD0-3B52-456F-A742-3B57FA31E664}.Bare|Any CPU.Build.0 = Release|Any CPU
		{84B74DD0-3B52-456F-A742-3B57FA31E664}.Debug|Any CPU.ActiveCfg = Debug|Any CPU
		{84B74DD0-3B52-456F-A742-3B57FA31E664}.Debug|Any CPU.Build.0 = Debug|Any CPU
		{84B74DD0-3B52-456F-A742-3B57FA31E664}.Release|Any CPU.ActiveCfg = Release|Any CPU
		{84B74DD0-3B52-456F-A742-3B57FA31E664}.Release|Any CPU.Build.0 = Release|Any CPU
		{5A5601E8-C1B8-43AB-961B-3DEB1BC5B06E}.Bare|Any CPU.ActiveCfg = Bare|Any CPU
		{5A5601E8-C1B8-43AB-961B-3DEB1BC5B06E}.Bare|Any CPU.Build.0 = Bare|Any CPU
		{5A5601E8-C1B8-43AB-961B-3DEB1BC5B06E}.Debug|Any CPU.ActiveCfg = Debug|Any CPU
		{5A5601E8-C1B8-43AB-961B-3DEB1BC5B06E}.Debug|Any CPU.Build.0 = Debug|Any CPU
		{5A5601E8-C1B8-43AB-961B-3DEB1BC5B06E}.Release|Any CPU.ActiveCfg = Release|Any CPU
		{5A5601E8-C1B8-43AB-961B-3DEB1BC5B06E}.Release|Any CPU.Build.0 = Release|Any CPU
		{D47C1210-4BFE-4B10-956F-7B0B40F3C718}.Bare|Any CPU.ActiveCfg = Bare|Any CPU
		{D47C1210-4BFE-4B10-956F-7B0B40F3C718}.Bare|Any CPU.Build.0 = Bare|Any CPU
		{D47C1210-4BFE-4B10-956F-7B0B40F3C718}.Debug|Any CPU.ActiveCfg = Debug|Any CPU
		{D47C1210-4BFE-4B10-956F-7B0B40F3C718}.Debug|Any CPU.Build.0 = Debug|Any CPU
		{D47C1210-4BFE-4B10-956F-7B0B40F3C718}.Release|Any CPU.ActiveCfg = Release|Any CPU
		{D47C1210-4BFE-4B10-956F-7B0B40F3C718}.Release|Any CPU.Build.0 = Release|Any CPU
	EndGlobalSection
	GlobalSection(SolutionProperties) = preSolution
		HideSolutionNode = FALSE
	EndGlobalSection
	GlobalSection(NestedProjects) = preSolution
		{F9643EA4-49CF-4FA2-B2FB-771ABB20CBF6} = {641BEA1A-2FCD-49FD-B07C-41EEF8898FF4}
		{3E9001A4-FD82-4B28-81C4-9720C607C62A} = {641BEA1A-2FCD-49FD-B07C-41EEF8898FF4}
		{84B74DD0-3B52-456F-A742-3B57FA31E664} = {641BEA1A-2FCD-49FD-B07C-41EEF8898FF4}
		{5A5601E8-C1B8-43AB-961B-3DEB1BC5B06E} = {641BEA1A-2FCD-49FD-B07C-41EEF8898FF4}
		{D47C1210-4BFE-4B10-956F-7B0B40F3C718} = {641BEA1A-2FCD-49FD-B07C-41EEF8898FF4}
	EndGlobalSection
EndGlobal
