
Microsoft Visual Studio Solution File, Format Version 12.00
# Visual Studio 2013
VisualStudioVersion = 12.0.31101.0
MinimumVisualStudioVersion = 10.0.40219.1
Project("{2150E333-8FDC-42A3-9474-1A3956D46DE8}") = "Tools", "Tools", "{6AEDCEEF-0285-4B55-8C2B-8E3DD9AC8EA8}"
EndProject
Project("{2150E333-8FDC-42A3-9474-1A3956D46DE8}") = "Libraries", "Libraries", "{641BEA1A-2FCD-49FD-B07C-41EEF8898FF4}"
EndProject
Project("{FAE04EC0-301F-11D3-BF4B-00C04F79EFBC}") = "AD", "Libraries\AD\AD.csproj", "{F9643EA4-49CF-4FA2-B2FB-771ABB20CBF6}"
	ProjectSection(ProjectDependencies) = postProject
		{5A5601E8-C1B8-43AB-961B-3DEB1BC5B06E} = {5A5601E8-C1B8-43AB-961B-3DEB1BC5B06E}
	EndProjectSection
EndProject
Project("{FAE04EC0-301F-11D3-BF4B-00C04F79EFBC}") = "CiscoFinesseNET", "Libraries\CiscoFinesseNET\CiscoFinesseNET.csproj", "{3E9001A4-FD82-4B28-81C4-9720C607C62A}"
EndProject
Project("{FAE04EC0-301F-11D3-BF4B-00C04F79EFBC}") = "Shared", "Libraries\HDSharedServices\Shared.csproj", "{84B74DD0-3B52-456F-A742-3B57FA31E664}"
EndProject
Project("{FAE04EC0-301F-11D3-BF4B-00C04F79EFBC}") = "LDAP", "Libraries\LDAP\LDAP.csproj", "{5A5601E8-C1B8-43AB-961B-3DEB1BC5B06E}"
EndProject
Project("{FAE04EC0-301F-11D3-BF4B-00C04F79EFBC}") = "ProgressBar", "Libraries\ProgressBar\ProgressBar.csproj", "{D47C1210-4BFE-4B10-956F-7B0B40F3C718}"
EndProject
Project("{FAE04EC0-301F-11D3-BF4B-00C04F79EFBC}") = "BananaHammock", "Tools\BananaHammock\BananaHammock.csproj", "{AC0025FF-277F-425B-8435-B5645C0775BA}"
EndProject
Project("{FAE04EC0-301F-11D3-BF4B-00C04F79EFBC}") = "CheckTrickle", "Tools\CheckTrickle\CheckTrickle.csproj", "{44BD59F1-A129-4206-839D-BCFF1C39CD63}"
EndProject
Project("{FAE04EC0-301F-11D3-BF4B-00C04F79EFBC}") = "CompareCSVtoAD", "Tools\CompareCSVtoAD\CompareCSVtoAD.csproj", "{7A720728-6BE7-444A-8C4B-8A52C81B0F9B}"
EndProject
Project("{FAE04EC0-301F-11D3-BF4B-00C04F79EFBC}") = "DelayedStartServices", "Tools\DelayedStartServices\DelayedStartServices.csproj", "{0361DF41-99D6-4336-A6E7-CE0BD1C057BA}"
EndProject
Project("{FAE04EC0-301F-11D3-BF4B-00C04F79EFBC}") = "EmailReport", "Tools\EmailReport\EmailReport.csproj", "{9EE5907F-6E60-4F31-A700-590225BD456A}"
EndProject
Project("{FAE04EC0-301F-11D3-BF4B-00C04F79EFBC}") = "EReceiptMonitor", "Tools\EReceiptMonitor\EReceiptMonitor.csproj", "{8C0EBE8B-4A84-40C5-8EB7-23C39C7CE530}"
EndProject
Project("{FAE04EC0-301F-11D3-BF4B-00C04F79EFBC}") = "FindUnusedComputers", "Tools\FindUnusedComputers\FindUnusedComputers.csproj", "{3C4DAABD-5A76-40FF-B56D-AEA9B783441B}"
EndProject
Project("{FAE04EC0-301F-11D3-BF4B-00C04F79EFBC}") = "MissingDLLs", "Tools\MissingDLLs\MissingDLLs.csproj", "{FF09E0C8-1C44-4B44-88CE-BF2EBB7F520C}"
EndProject
Project("{FAE04EC0-301F-11D3-BF4B-00C04F79EFBC}") = "UpdateComputerList", "Tools\UpdateComputerList\UpdateComputerList.csproj", "{5F8EDF63-6596-44AF-A947-2D85878CB12F}"
EndProject
Project("{FAE04EC0-301F-11D3-BF4B-00C04F79EFBC}") = "UpdateRHDTool", "Tools\UpdateRHDMenu\UpdateRHDTool.csproj", "{E30E8D52-AFC5-4DBD-A78F-2E9B704008A7}"
EndProject
Project("{FAE04EC0-301F-11D3-BF4B-00C04F79EFBC}") = "Retail HD", "Retail HD\Retail HD.csproj", "{24FACCD1-CBA6-44FD-BB4F-35BF7DD17712}"
	ProjectSection(ProjectDependencies) = postProject
		{7A720728-6BE7-444A-8C4B-8A52C81B0F9B} = {7A720728-6BE7-444A-8C4B-8A52C81B0F9B}
		{0361DF41-99D6-4336-A6E7-CE0BD1C057BA} = {0361DF41-99D6-4336-A6E7-CE0BD1C057BA}
		{E30E8D52-AFC5-4DBD-A78F-2E9B704008A7} = {E30E8D52-AFC5-4DBD-A78F-2E9B704008A7}
		{5F8EDF63-6596-44AF-A947-2D85878CB12F} = {5F8EDF63-6596-44AF-A947-2D85878CB12F}
		{9EE5907F-6E60-4F31-A700-590225BD456A} = {9EE5907F-6E60-4F31-A700-590225BD456A}
		{3C4DAABD-5A76-40FF-B56D-AEA9B783441B} = {3C4DAABD-5A76-40FF-B56D-AEA9B783441B}
		{FF09E0C8-1C44-4B44-88CE-BF2EBB7F520C} = {FF09E0C8-1C44-4B44-88CE-BF2EBB7F520C}
		{44BD59F1-A129-4206-839D-BCFF1C39CD63} = {44BD59F1-A129-4206-839D-BCFF1C39CD63}
		{AC0025FF-277F-425B-8435-B5645C0775BA} = {AC0025FF-277F-425B-8435-B5645C0775BA}
	EndProjectSection
EndProject
Project("{2150E333-8FDC-42A3-9474-1A3956D46DE8}") = "Solution Items", "Solution Items", "{4E5E05E6-06D7-4E66-AF0A-F8E92A72DA3D}"
	ProjectSection(SolutionItems) = preProject
		..\LICENSE = ..\LICENSE
		..\README.md = ..\README.md
	EndProjectSection
EndProject
Project("{FAE04EC0-301F-11D3-BF4B-00C04F79EFBC}") = "Bit9Report", "Bit9Report\Bit9Report.csproj", "{C3B25DC5-22F7-4F93-A1E2-D867B7C4454E}"
EndProject
Global
	GlobalSection(SolutionConfigurationPlatforms) = preSolution
		Debug|Any CPU = Debug|Any CPU
		Release|Any CPU = Release|Any CPU
	EndGlobalSection
	GlobalSection(ProjectConfigurationPlatforms) = postSolution
		{F9643EA4-49CF-4FA2-B2FB-771ABB20CBF6}.Debug|Any CPU.ActiveCfg = Debug|Any CPU
		{F9643EA4-49CF-4FA2-B2FB-771ABB20CBF6}.Debug|Any CPU.Build.0 = Debug|Any CPU
		{F9643EA4-49CF-4FA2-B2FB-771ABB20CBF6}.Release|Any CPU.ActiveCfg = Release|Any CPU
		{F9643EA4-49CF-4FA2-B2FB-771ABB20CBF6}.Release|Any CPU.Build.0 = Release|Any CPU
		{3E9001A4-FD82-4B28-81C4-9720C607C62A}.Debug|Any CPU.ActiveCfg = Debug|Any CPU
		{3E9001A4-FD82-4B28-81C4-9720C607C62A}.Debug|Any CPU.Build.0 = Debug|Any CPU
		{3E9001A4-FD82-4B28-81C4-9720C607C62A}.Release|Any CPU.ActiveCfg = Release|Any CPU
		{3E9001A4-FD82-4B28-81C4-9720C607C62A}.Release|Any CPU.Build.0 = Release|Any CPU
		{84B74DD0-3B52-456F-A742-3B57FA31E664}.Debug|Any CPU.ActiveCfg = Debug|Any CPU
		{84B74DD0-3B52-456F-A742-3B57FA31E664}.Debug|Any CPU.Build.0 = Debug|Any CPU
		{84B74DD0-3B52-456F-A742-3B57FA31E664}.Release|Any CPU.ActiveCfg = Release|Any CPU
		{84B74DD0-3B52-456F-A742-3B57FA31E664}.Release|Any CPU.Build.0 = Release|Any CPU
		{5A5601E8-C1B8-43AB-961B-3DEB1BC5B06E}.Debug|Any CPU.ActiveCfg = Debug|Any CPU
		{5A5601E8-C1B8-43AB-961B-3DEB1BC5B06E}.Debug|Any CPU.Build.0 = Debug|Any CPU
		{5A5601E8-C1B8-43AB-961B-3DEB1BC5B06E}.Release|Any CPU.ActiveCfg = Release|Any CPU
		{5A5601E8-C1B8-43AB-961B-3DEB1BC5B06E}.Release|Any CPU.Build.0 = Release|Any CPU
		{D47C1210-4BFE-4B10-956F-7B0B40F3C718}.Debug|Any CPU.ActiveCfg = Debug|Any CPU
		{D47C1210-4BFE-4B10-956F-7B0B40F3C718}.Debug|Any CPU.Build.0 = Debug|Any CPU
		{D47C1210-4BFE-4B10-956F-7B0B40F3C718}.Release|Any CPU.ActiveCfg = Release|Any CPU
		{D47C1210-4BFE-4B10-956F-7B0B40F3C718}.Release|Any CPU.Build.0 = Release|Any CPU
		{AC0025FF-277F-425B-8435-B5645C0775BA}.Debug|Any CPU.ActiveCfg = Debug|Any CPU
		{AC0025FF-277F-425B-8435-B5645C0775BA}.Debug|Any CPU.Build.0 = Debug|Any CPU
		{AC0025FF-277F-425B-8435-B5645C0775BA}.Release|Any CPU.ActiveCfg = Release|Any CPU
		{AC0025FF-277F-425B-8435-B5645C0775BA}.Release|Any CPU.Build.0 = Release|Any CPU
		{44BD59F1-A129-4206-839D-BCFF1C39CD63}.Debug|Any CPU.ActiveCfg = Debug|Any CPU
		{44BD59F1-A129-4206-839D-BCFF1C39CD63}.Debug|Any CPU.Build.0 = Debug|Any CPU
		{44BD59F1-A129-4206-839D-BCFF1C39CD63}.Release|Any CPU.ActiveCfg = Release|Any CPU
		{44BD59F1-A129-4206-839D-BCFF1C39CD63}.Release|Any CPU.Build.0 = Release|Any CPU
		{7A720728-6BE7-444A-8C4B-8A52C81B0F9B}.Debug|Any CPU.ActiveCfg = Debug|Any CPU
		{7A720728-6BE7-444A-8C4B-8A52C81B0F9B}.Debug|Any CPU.Build.0 = Debug|Any CPU
		{7A720728-6BE7-444A-8C4B-8A52C81B0F9B}.Release|Any CPU.ActiveCfg = Release|Any CPU
		{7A720728-6BE7-444A-8C4B-8A52C81B0F9B}.Release|Any CPU.Build.0 = Release|Any CPU
		{0361DF41-99D6-4336-A6E7-CE0BD1C057BA}.Debug|Any CPU.ActiveCfg = Debug|Any CPU
		{0361DF41-99D6-4336-A6E7-CE0BD1C057BA}.Debug|Any CPU.Build.0 = Debug|Any CPU
		{0361DF41-99D6-4336-A6E7-CE0BD1C057BA}.Release|Any CPU.ActiveCfg = Release|Any CPU
		{0361DF41-99D6-4336-A6E7-CE0BD1C057BA}.Release|Any CPU.Build.0 = Release|Any CPU
		{9EE5907F-6E60-4F31-A700-590225BD456A}.Debug|Any CPU.ActiveCfg = Debug|Any CPU
		{9EE5907F-6E60-4F31-A700-590225BD456A}.Debug|Any CPU.Build.0 = Debug|Any CPU
		{9EE5907F-6E60-4F31-A700-590225BD456A}.Release|Any CPU.ActiveCfg = Release|Any CPU
		{9EE5907F-6E60-4F31-A700-590225BD456A}.Release|Any CPU.Build.0 = Release|Any CPU
		{8C0EBE8B-4A84-40C5-8EB7-23C39C7CE530}.Debug|Any CPU.ActiveCfg = Debug|Any CPU
		{8C0EBE8B-4A84-40C5-8EB7-23C39C7CE530}.Debug|Any CPU.Build.0 = Debug|Any CPU
		{8C0EBE8B-4A84-40C5-8EB7-23C39C7CE530}.Release|Any CPU.ActiveCfg = Release|Any CPU
		{8C0EBE8B-4A84-40C5-8EB7-23C39C7CE530}.Release|Any CPU.Build.0 = Release|Any CPU
		{3C4DAABD-5A76-40FF-B56D-AEA9B783441B}.Debug|Any CPU.ActiveCfg = Debug|Any CPU
		{3C4DAABD-5A76-40FF-B56D-AEA9B783441B}.Debug|Any CPU.Build.0 = Debug|Any CPU
		{3C4DAABD-5A76-40FF-B56D-AEA9B783441B}.Release|Any CPU.ActiveCfg = Release|Any CPU
		{3C4DAABD-5A76-40FF-B56D-AEA9B783441B}.Release|Any CPU.Build.0 = Release|Any CPU
		{FF09E0C8-1C44-4B44-88CE-BF2EBB7F520C}.Debug|Any CPU.ActiveCfg = Debug|Any CPU
		{FF09E0C8-1C44-4B44-88CE-BF2EBB7F520C}.Debug|Any CPU.Build.0 = Debug|Any CPU
		{FF09E0C8-1C44-4B44-88CE-BF2EBB7F520C}.Release|Any CPU.ActiveCfg = Release|Any CPU
		{FF09E0C8-1C44-4B44-88CE-BF2EBB7F520C}.Release|Any CPU.Build.0 = Release|Any CPU
		{5F8EDF63-6596-44AF-A947-2D85878CB12F}.Debug|Any CPU.ActiveCfg = Debug|Any CPU
		{5F8EDF63-6596-44AF-A947-2D85878CB12F}.Debug|Any CPU.Build.0 = Debug|Any CPU
		{5F8EDF63-6596-44AF-A947-2D85878CB12F}.Release|Any CPU.ActiveCfg = Release|Any CPU
		{5F8EDF63-6596-44AF-A947-2D85878CB12F}.Release|Any CPU.Build.0 = Release|Any CPU
		{E30E8D52-AFC5-4DBD-A78F-2E9B704008A7}.Debug|Any CPU.ActiveCfg = Debug|Any CPU
		{E30E8D52-AFC5-4DBD-A78F-2E9B704008A7}.Debug|Any CPU.Build.0 = Debug|Any CPU
		{E30E8D52-AFC5-4DBD-A78F-2E9B704008A7}.Release|Any CPU.ActiveCfg = Release|Any CPU
		{E30E8D52-AFC5-4DBD-A78F-2E9B704008A7}.Release|Any CPU.Build.0 = Release|Any CPU
		{24FACCD1-CBA6-44FD-BB4F-35BF7DD17712}.Debug|Any CPU.ActiveCfg = Debug|Any CPU
		{24FACCD1-CBA6-44FD-BB4F-35BF7DD17712}.Debug|Any CPU.Build.0 = Debug|Any CPU
		{24FACCD1-CBA6-44FD-BB4F-35BF7DD17712}.Release|Any CPU.ActiveCfg = Release|Any CPU
		{24FACCD1-CBA6-44FD-BB4F-35BF7DD17712}.Release|Any CPU.Build.0 = Release|Any CPU
		{C3B25DC5-22F7-4F93-A1E2-D867B7C4454E}.Debug|Any CPU.ActiveCfg = Debug|Any CPU
		{C3B25DC5-22F7-4F93-A1E2-D867B7C4454E}.Debug|Any CPU.Build.0 = Debug|Any CPU
		{C3B25DC5-22F7-4F93-A1E2-D867B7C4454E}.Release|Any CPU.ActiveCfg = Release|Any CPU
		{C3B25DC5-22F7-4F93-A1E2-D867B7C4454E}.Release|Any CPU.Build.0 = Release|Any CPU
	EndGlobalSection
	GlobalSection(SolutionProperties) = preSolution
		HideSolutionNode = FALSE
	EndGlobalSection
	GlobalSection(NestedProjects) = preSolution
		{F9643EA4-49CF-4FA2-B2FB-771ABB20CBF6} = {641BEA1A-2FCD-49FD-B07C-41EEF8898FF4}
		{3E9001A4-FD82-4B28-81C4-9720C607C62A} = {641BEA1A-2FCD-49FD-B07C-41EEF8898FF4}
		{84B74DD0-3B52-456F-A742-3B57FA31E664} = {641BEA1A-2FCD-49FD-B07C-41EEF8898FF4}
		{5A5601E8-C1B8-43AB-961B-3DEB1BC5B06E} = {641BEA1A-2FCD-49FD-B07C-41EEF8898FF4}
		{D47C1210-4BFE-4B10-956F-7B0B40F3C718} = {641BEA1A-2FCD-49FD-B07C-41EEF8898FF4}
		{AC0025FF-277F-425B-8435-B5645C0775BA} = {6AEDCEEF-0285-4B55-8C2B-8E3DD9AC8EA8}
		{44BD59F1-A129-4206-839D-BCFF1C39CD63} = {6AEDCEEF-0285-4B55-8C2B-8E3DD9AC8EA8}
		{7A720728-6BE7-444A-8C4B-8A52C81B0F9B} = {6AEDCEEF-0285-4B55-8C2B-8E3DD9AC8EA8}
		{0361DF41-99D6-4336-A6E7-CE0BD1C057BA} = {6AEDCEEF-0285-4B55-8C2B-8E3DD9AC8EA8}
		{9EE5907F-6E60-4F31-A700-590225BD456A} = {6AEDCEEF-0285-4B55-8C2B-8E3DD9AC8EA8}
		{8C0EBE8B-4A84-40C5-8EB7-23C39C7CE530} = {6AEDCEEF-0285-4B55-8C2B-8E3DD9AC8EA8}
		{3C4DAABD-5A76-40FF-B56D-AEA9B783441B} = {6AEDCEEF-0285-4B55-8C2B-8E3DD9AC8EA8}
		{FF09E0C8-1C44-4B44-88CE-BF2EBB7F520C} = {6AEDCEEF-0285-4B55-8C2B-8E3DD9AC8EA8}
		{5F8EDF63-6596-44AF-A947-2D85878CB12F} = {6AEDCEEF-0285-4B55-8C2B-8E3DD9AC8EA8}
		{E30E8D52-AFC5-4DBD-A78F-2E9B704008A7} = {6AEDCEEF-0285-4B55-8C2B-8E3DD9AC8EA8}
		{C3B25DC5-22F7-4F93-A1E2-D867B7C4454E} = {6AEDCEEF-0285-4B55-8C2B-8E3DD9AC8EA8}
	EndGlobalSection
EndGlobal
